// !$*UTF8*$!
{
	archiveVersion = 1;
	classes = {
	};
	objectVersion = 50;
	objects = {

/* Begin PBXBuildFile section */
		3A5D34E1251100C600EA89E3 /* AppDelegate.swift in Sources */ = {isa = PBXBuildFile; fileRef = 3A5D34E0251100C600EA89E3 /* AppDelegate.swift */; };
		3A5D34E3251100C600EA89E3 /* SceneDelegate.swift in Sources */ = {isa = PBXBuildFile; fileRef = 3A5D34E2251100C600EA89E3 /* SceneDelegate.swift */; };
		3A5D34E5251100C600EA89E3 /* ViewController.swift in Sources */ = {isa = PBXBuildFile; fileRef = 3A5D34E4251100C600EA89E3 /* ViewController.swift */; };
		3A5D34E8251100C600EA89E3 /* Main.storyboard in Resources */ = {isa = PBXBuildFile; fileRef = 3A5D34E6251100C600EA89E3 /* Main.storyboard */; };
		3A5D34EA251100C800EA89E3 /* Assets.xcassets in Resources */ = {isa = PBXBuildFile; fileRef = 3A5D34E9251100C800EA89E3 /* Assets.xcassets */; };
		3A5D34ED251100C800EA89E3 /* LaunchScreen.storyboard in Resources */ = {isa = PBXBuildFile; fileRef = 3A5D34EB251100C800EA89E3 /* LaunchScreen.storyboard */; };
/* End PBXBuildFile section */

/* Begin PBXFileReference section */
		3A5D34DD251100C600EA89E3 /* MAD157Module5MySecondAppKarenM.app */ = {isa = PBXFileReference; explicitFileType = wrapper.application; includeInIndex = 0; path = MAD157Module5MySecondAppKarenM.app; sourceTree = BUILT_PRODUCTS_DIR; };
		3A5D34E0251100C600EA89E3 /* AppDelegate.swift */ = {isa = PBXFileReference; lastKnownFileType = sourcecode.swift; path = AppDelegate.swift; sourceTree = "<group>"; };
		3A5D34E2251100C600EA89E3 /* SceneDelegate.swift */ = {isa = PBXFileReference; lastKnownFileType = sourcecode.swift; path = SceneDelegate.swift; sourceTree = "<group>"; };
		3A5D34E4251100C600EA89E3 /* ViewController.swift */ = {isa = PBXFileReference; lastKnownFileType = sourcecode.swift; path = ViewController.swift; sourceTree = "<group>"; };
		3A5D34E7251100C600EA89E3 /* Base */ = {isa = PBXFileReference; lastKnownFileType = file.storyboard; name = Base; path = Base.lproj/Main.storyboard; sourceTree = "<group>"; };
		3A5D34E9251100C800EA89E3 /* Assets.xcassets */ = {isa = PBXFileReference; lastKnownFileType = folder.assetcatalog; path = Assets.xcassets; sourceTree = "<group>"; };
		3A5D34EC251100C800EA89E3 /* Base */ = {isa = PBXFileReference; lastKnownFileType = file.storyboard; name = Base; path = Base.lproj/LaunchScreen.storyboard; sourceTree = "<group>"; };
		3A5D34EE251100C800EA89E3 /* Info.plist */ = {isa = PBXFileReference; lastKnownFileType = text.plist.xml; path = Info.plist; sourceTree = "<group>"; };
/* End PBXFileReference section */

/* Begin PBXFrameworksBuildPhase section */
		3A5D34DA251100C600EA89E3 /* Frameworks */ = {
			isa = PBXFrameworksBuildPhase;
			buildActionMask = 2147483647;
			files = (
			);
			runOnlyForDeploymentPostprocessing = 0;
		};
/* End PBXFrameworksBuildPhase section */

/* Begin PBXGroup section */
		3A5D34D4251100C500EA89E3 = {
			isa = PBXGroup;
			children = (
				3A5D34DF251100C600EA89E3 /* MAD157Module5MySecondAppKarenM */,
				3A5D34DE251100C600EA89E3 /* Products */,
			);
			sourceTree = "<group>";
		};
		3A5D34DE251100C600EA89E3 /* Products */ = {
			isa = PBXGroup;
			children = (
				3A5D34DD251100C600EA89E3 /* MAD157Module5MySecondAppKarenM.app */,
			);
			name = Products;
			sourceTree = "<group>";
		};
		3A5D34DF251100C600EA89E3 /* MAD157Module5MySecondAppKarenM */ = {
			isa = PBXGroup;
			children = (
				3A5D34E0251100C600EA89E3 /* AppDelegate.swift */,
				3A5D34E2251100C600EA89E3 /* SceneDelegate.swift */,
				3A5D34E4251100C600EA89E3 /* ViewController.swift */,
				3A5D34E6251100C600EA89E3 /* Main.storyboard */,
				3A5D34E9251100C800EA89E3 /* Assets.xcassets */,
				3A5D34EB251100C800EA89E3 /* LaunchScreen.storyboard */,
				3A5D34EE251100C800EA89E3 /* Info.plist */,
			);
			path = MAD157Module5MySecondAppKarenM;
			sourceTree = "<group>";
		};
/* End PBXGroup section */

/* Begin PBXNativeTarget section */
		3A5D34DC251100C600EA89E3 /* MAD157Module5MySecondAppKarenM */ = {
			isa = PBXNativeTarget;
			buildConfigurationList = 3A5D34F1251100C800EA89E3 /* Build configuration list for PBXNativeTarget "MAD157Module5MySecondAppKarenM" */;
			buildPhases = (
				3A5D34D9251100C600EA89E3 /* Sources */,
				3A5D34DA251100C600EA89E3 /* Frameworks */,
				3A5D34DB251100C600EA89E3 /* Resources */,
			);
			buildRules = (
			);
			dependencies = (
			);
			name = MAD157Module5MySecondAppKarenM;
			productName = MAD157Module5MySecondAppKarenM;
			productReference = 3A5D34DD251100C600EA89E3 /* MAD157Module5MySecondAppKarenM.app */;
			productType = "com.apple.product-type.application";
		};
/* End PBXNativeTarget section */

/* Begin PBXProject section */
		3A5D34D5251100C500EA89E3 /* Project object */ = {
			isa = PBXProject;
			attributes = {
				LastSwiftUpdateCheck = 1160;
				LastUpgradeCheck = 1160;
				ORGANIZATIONNAME = "TygerMatrix Software";
				TargetAttributes = {
					3A5D34DC251100C600EA89E3 = {
						CreatedOnToolsVersion = 11.6;
					};
				};
			};
			buildConfigurationList = 3A5D34D8251100C600EA89E3 /* Build configuration list for PBXProject "MAD157Module5MySecondAppKarenM" */;
			compatibilityVersion = "Xcode 9.3";
			developmentRegion = en;
			hasScannedForEncodings = 0;
			knownRegions = (
				en,
				Base,
			);
			mainGroup = 3A5D34D4251100C500EA89E3;
			productRefGroup = 3A5D34DE251100C600EA89E3 /* Products */;
			projectDirPath = "";
			projectRoot = "";
			targets = (
				3A5D34DC251100C600EA89E3 /* MAD157Module5MySecondAppKarenM */,
			);
		};
/* End PBXProject section */

/* Begin PBXResourcesBuildPhase section */
		3A5D34DB251100C600EA89E3 /* Resources */ = {
			isa = PBXResourcesBuildPhase;
			buildActionMask = 2147483647;
			files = (
				3A5D34ED251100C800EA89E3 /* LaunchScreen.storyboard in Resources */,
				3A5D34EA251100C800EA89E3 /* Assets.xcassets in Resources */,
				3A5D34E8251100C600EA89E3 /* Main.storyboard in Resources */,
			);
			runOnlyForDeploymentPostprocessing = 0;
		};
/* End PBXResourcesBuildPhase section */

/* Begin PBXSourcesBuildPhase section */
		3A5D34D9251100C600EA89E3 /* Sources */ = {
			isa = PBXSourcesBuildPhase;
			buildActionMask = 2147483647;
			files = (
				3A5D34E5251100C600EA89E3 /* ViewController.swift in Sources */,
				3A5D34E1251100C600EA89E3 /* AppDelegate.swift in Sources */,
				3A5D34E3251100C600EA89E3 /* SceneDelegate.swift in Sources */,
			);
			runOnlyForDeploymentPostprocessing = 0;
		};
/* End PBXSourcesBuildPhase section */

/* Begin PBXVariantGroup section */
		3A5D34E6251100C600EA89E3 /* Main.storyboard */ = {
			isa = PBXVariantGroup;
			children = (
				3A5D34E7251100C600EA89E3 /* Base */,
			);
			name = Main.storyboard;
			sourceTree = "<group>";
		};
		3A5D34EB251100C800EA89E3 /* LaunchScreen.storyboard */ = {
			isa = PBXVariantGroup;
			children = (
				3A5D34EC251100C800EA89E3 /* Base */,
			);
			name = LaunchScreen.storyboard;
			sourceTree = "<group>";
		};
/* End PBXVariantGroup section */

/* Begin XCBuildConfiguration section */
		3A5D34EF251100C800EA89E3 /* Debug */ = {
			isa = XCBuildConfiguration;
			buildSettings = {
				ALWAYS_SEARCH_USER_PATHS = NO;
				CLANG_ANALYZER_NONNULL = YES;
				CLANG_ANALYZER_NUMBER_OBJECT_CONVERSION = YES_AGGRESSIVE;
				CLANG_CXX_LANGUAGE_STANDARD = "gnu++14";
				CLANG_CXX_LIBRARY = "libc++";
				CLANG_ENABLE_MODULES = YES;
				CLANG_ENABLE_OBJC_ARC = YES;
				CLANG_ENABLE_OBJC_WEAK = YES;
				CLANG_WARN_BLOCK_CAPTURE_AUTORELEASING = YES;
				CLANG_WARN_BOOL_CONVERSION = YES;
				CLANG_WARN_COMMA = YES;
				CLANG_WARN_CONSTANT_CONVERSION = YES;
				CLANG_WARN_DEPRECATED_OBJC_IMPLEMENTATIONS = YES;
				CLANG_WARN_DIRECT_OBJC_ISA_USAGE = YES_ERROR;
				CLANG_WARN_DOCUMENTATION_COMMENTS = YES;
				CLANG_WARN_EMPTY_BODY = YES;
				CLANG_WARN_ENUM_CONVERSION = YES;
				CLANG_WARN_INFINITE_RECURSION = YES;
				CLANG_WARN_INT_CONVERSION = YES;
				CLANG_WARN_NON_LITERAL_NULL_CONVERSION = YES;
				CLANG_WARN_OBJC_IMPLICIT_RETAIN_SELF = YES;
				CLANG_WARN_OBJC_LITERAL_CONVERSION = YES;
				CLANG_WARN_OBJC_ROOT_CLASS = YES_ERROR;
				CLANG_WARN_RANGE_LOOP_ANALYSIS = YES;
				CLANG_WARN_STRICT_PROTOTYPES = YES;
				CLANG_WARN_SUSPICIOUS_MOVE = YES;
				CLANG_WARN_UNGUARDED_AVAILABILITY = YES_AGGRESSIVE;
				CLANG_WARN_UNREACHABLE_CODE = YES;
				CLANG_WARN__DUPLICATE_METHOD_MATCH = YES;
				COPY_PHASE_STRIP = NO;
				DEBUG_INFORMATION_FORMAT = dwarf;
				ENABLE_STRICT_OBJC_MSGSEND = YES;
				ENABLE_TESTABILITY = YES;
				GCC_C_LANGUAGE_STANDARD = gnu11;
				GCC_DYNAMIC_NO_PIC = NO;
				GCC_NO_COMMON_BLOCKS = YES;
				GCC_OPTIMIZATION_LEVEL = 0;
				GCC_PREPROCESSOR_DEFINITIONS = (
					"DEBUG=1",
					"$(inherited)",
				);
				GCC_WARN_64_TO_32_BIT_CONVERSION = YES;
				GCC_WARN_ABOUT_RETURN_TYPE = YES_ERROR;
				GCC_WARN_UNDECLARED_SELECTOR = YES;
				GCC_WARN_UNINITIALIZED_AUTOS = YES_AGGRESSIVE;
				GCC_WARN_UNUSED_FUNCTION = YES;
				GCC_WARN_UNUSED_VARIABLE = YES;
				IPHONEOS_DEPLOYMENT_TARGET = 13.6;
				MTL_ENABLE_DEBUG_INFO = INCLUDE_SOURCE;
				MTL_FAST_MATH = YES;
				ONLY_ACTIVE_ARCH = YES;
				SDKROOT = iphoneos;
				SWIFT_ACTIVE_COMPILATION_CONDITIONS = DEBUG;
				SWIFT_OPTIMIZATION_LEVEL = "-Onone";
			};
			name = Debug;
		};
		3A5D34F0251100C800EA89E3 /* Release */ = {
			isa = XCBuildConfiguration;
			buildSettings = {
				ALWAYS_SEARCH_USER_PATHS = NO;
				CLANG_ANALYZER_NONNULL = YES;
				CLANG_ANALYZER_NUMBER_OBJECT_CONVERSION = YES_AGGRESSIVE;
				CLANG_CXX_LANGUAGE_STANDARD = "gnu++14";
				CLANG_CXX_LIBRARY = "libc++";
				CLANG_ENABLE_MODULES = YES;
				CLANG_ENABLE_OBJC_ARC = YES;
				CLANG_ENABLE_OBJC_WEAK = YES;
				CLANG_WARN_BLOCK_CAPTURE_AUTORELEASING = YES;
				CLANG_WARN_BOOL_CONVERSION = YES;
				CLANG_WARN_COMMA = YES;
				CLANG_WARN_CONSTANT_CONVERSION = YES;
				CLANG_WARN_DEPRECATED_OBJC_IMPLEMENTATIONS = YES;
				CLANG_WARN_DIRECT_OBJC_ISA_USAGE = YES_ERROR;
				CLANG_WARN_DOCUMENTATION_COMMENTS = YES;
				CLANG_WARN_EMPTY_BODY = YES;
				CLANG_WARN_ENUM_CONVERSION = YES;
				CLANG_WARN_INFINITE_RECURSION = YES;
				CLANG_WARN_INT_CONVERSION = YES;
				CLANG_WARN_NON_LITERAL_NULL_CONVERSION = YES;
				CLANG_WARN_OBJC_IMPLICIT_RETAIN_SELF = YES;
				CLANG_WARN_OBJC_LITERAL_CONVERSION = YES;
				CLANG_WARN_OBJC_ROOT_CLASS = YES_ERROR;
				CLANG_WARN_RANGE_LOOP_ANALYSIS = YES;
				CLANG_WARN_STRICT_PROTOTYPES = YES;
				CLANG_WARN_SUSPICIOUS_MOVE = YES;
				CLANG_WARN_UNGUARDED_AVAILABILITY = YES_AGGRESSIVE;
				CLANG_WARN_UNREACHABLE_CODE = YES;
				CLANG_WARN__DUPLICATE_METHOD_MATCH = YES;
				COPY_PHASE_STRIP = NO;
				DEBUG_INFORMATION_FORMAT = "dwarf-with-dsym";
				ENABLE_NS_ASSERTIONS = NO;
				ENABLE_STRICT_OBJC_MSGSEND = YES;
				GCC_C_LANGUAGE_STANDARD = gnu11;
				GCC_NO_COMMON_BLOCKS = YES;
				GCC_WARN_64_TO_32_BIT_CONVERSION = YES;
				GCC_WARN_ABOUT_RETURN_TYPE = YES_ERROR;
				GCC_WARN_UNDECLARED_SELECTOR = YES;
				GCC_WARN_UNINITIALIZED_AUTOS = YES_AGGRESSIVE;
				GCC_WARN_UNUSED_FUNCTION = YES;
				GCC_WARN_UNUSED_VARIABLE = YES;
				IPHONEOS_DEPLOYMENT_TARGET = 13.6;
				MTL_ENABLE_DEBUG_INFO = NO;
				MTL_FAST_MATH = YES;
				SDKROOT = iphoneos;
				SWIFT_COMPILATION_MODE = wholemodule;
				SWIFT_OPTIMIZATION_LEVEL = "-O";
				VALIDATE_PRODUCT = YES;
			};
			name = Release;
		};
		3A5D34F2251100C800EA89E3 /* Debug */ = {
			isa = XCBuildConfiguration;
			buildSettings = {
				ASSETCATALOG_COMPILER_APPICON_NAME = AppIcon;
				CODE_SIGN_STYLE = Automatic;
				INFOPLIST_FILE = MAD157Module5MySecondAppKarenM/Info.plist;
				LD_RUNPATH_SEARCH_PATHS = (
					"$(inherited)",
					"@executable_path/Frameworks",
				);
				PRODUCT_BUNDLE_IDENTIFIER = com.TygerMatrix.MAD157Module5MySecondAppKarenM;
				PRODUCT_NAME = "$(TARGET_NAME)";
				SWIFT_VERSION = 5.0;
				TARGETED_DEVICE_FAMILY = "1,2";
			};
			name = Debug;
		};
		3A5D34F3251100C800EA89E3 /* Release */ = {
			isa = XCBuildConfiguration;
			buildSettings = {
				ASSETCATALOG_COMPILER_APPICON_NAME = AppIcon;
				CODE_SIGN_STYLE = Automatic;
				INFOPLIST_FILE = MAD157Module5MySecondAppKarenM/Info.plist;
				LD_RUNPATH_SEARCH_PATHS = (
					"$(inherited)",
					"@executable_path/Frameworks",
				);
				PRODUCT_BUNDLE_IDENTIFIER = com.TygerMatrix.MAD157Module5MySecondAppKarenM;
				PRODUCT_NAME = "$(TARGET_NAME)";
				SWIFT_VERSION = 5.0;
				TARGETED_DEVICE_FAMILY = "1,2";
			};
			name = Release;
		};
/* End XCBuildConfiguration section */

/* Begin XCConfigurationList section */
		3A5D34D8251100C600EA89E3 /* Build configuration list for PBXProject "MAD157Module5MySecondAppKarenM" */ = {
			isa = XCConfigurationList;
			buildConfigurations = (
				3A5D34EF251100C800EA89E3 /* Debug */,
				3A5D34F0251100C800EA89E3 /* Release */,
			);
			defaultConfigurationIsVisible = 0;
			defaultConfigurationName = Release;
		};
		3A5D34F1251100C800EA89E3 /* Build configuration list for PBXNativeTarget "MAD157Module5MySecondAppKarenM" */ = {
			isa = XCConfigurationList;
			buildConfigurations = (
				3A5D34F2251100C800EA89E3 /* Debug */,
				3A5D34F3251100C800EA89E3 /* Release */,
			);
			defaultConfigurationIsVisible = 0;
			defaultConfigurationName = Release;
		};
/* End XCConfigurationList section */
	};
	rootObject = 3A5D34D5251100C500EA89E3 /* Project object */;
}
